
Microsoft Visual Studio Solution File, Format Version 12.00
# Visual Studio Version 16
VisualStudioVersion = 16.0.29609.76
MinimumVisualStudioVersion = 10.0.40219.1
Project("{FAE04EC0-301F-11D3-BF4B-00C04F79EFBC}") = "EateryBot_Admin", "EateryBot_Admin\EateryBot_Admin.csproj", "{FD7081C6-2312-4E44-BC98-B0683E597243}"
EndProject
Global
	GlobalSection(SolutionConfigurationPlatforms) = preSolution
		Debug|Any CPU = Debug|Any CPU
		Release|Any CPU = Release|Any CPU
	EndGlobalSection
	GlobalSection(ProjectConfigurationPlatforms) = postSolution
		{FD7081C6-2312-4E44-BC98-B0683E597243}.Debug|Any CPU.ActiveCfg = Debug|Any CPU
		{FD7081C6-2312-4E44-BC98-B0683E597243}.Debug|Any CPU.Build.0 = Debug|Any CPU
		{FD7081C6-2312-4E44-BC98-B0683E597243}.Release|Any CPU.ActiveCfg = Release|Any CPU
		{FD7081C6-2312-4E44-BC98-B0683E597243}.Release|Any CPU.Build.0 = Release|Any CPU
	EndGlobalSection
	GlobalSection(SolutionProperties) = preSolution
		HideSolutionNode = FALSE
	EndGlobalSection
	GlobalSection(ExtensibilityGlobals) = postSolution
		SolutionGuid = {02DD36D0-2293-401E-97D1-198AC663C654}
	EndGlobalSection
EndGlobal
